
Microsoft Visual Studio Solution File, Format Version 12.00
# Visual Studio Version 17
VisualStudioVersion = 17.14.36310.24
MinimumVisualStudioVersion = 10.0.40219.1
Project("{8BC9CEB8-8B4A-11D0-8D11-00A0C91BC942}") = "2026_programming_class_project", "2026_programming_class_project\2026_programming_class_project.vcxproj", "{780DB7E4-6AB6-4CF6-B878-13E69382B0F7}"
EndProject
Project("{8BC9CEB8-8B4A-11D0-8D11-00A0C91BC942}") = "test_client", "test_client\test_client.vcxproj", "{393C074D-A4E5-4BFB-906B-96BDE65A3170}"
EndProject
Global
	GlobalSection(SolutionConfigurationPlatforms) = preSolution
		Debug|x64 = Debug|x64
		Debug|x86 = Debug|x86
		Release|x64 = Release|x64
		Release|x86 = Release|x86
	EndGlobalSection
	GlobalSection(ProjectConfigurationPlatforms) = postSolution
		{780DB7E4-6AB6-4CF6-B878-13E69382B0F7}.Debug|x64.ActiveCfg = Debug|x64
		{780DB7E4-6AB6-4CF6-B878-13E69382B0F7}.Debug|x64.Build.0 = Debug|x64
		{780DB7E4-6AB6-4CF6-B878-13E69382B0F7}.Debug|x86.ActiveCfg = Debug|Win32
		{780DB7E4-6AB6-4CF6-B878-13E69382B0F7}.Debug|x86.Build.0 = Debug|Win32
		{780DB7E4-6AB6-4CF6-B878-13E69382B0F7}.Release|x64.ActiveCfg = Release|x64
		{780DB7E4-6AB6-4CF6-B878-13E69382B0F7}.Release|x64.Build.0 = Release|x64
		{780DB7E4-6AB6-4CF6-B878-13E69382B0F7}.Release|x86.ActiveCfg = Release|Win32
		{780DB7E4-6AB6-4CF6-B878-13E69382B0F7}.Release|x86.Build.0 = Release|Win32
		{393C074D-A4E5-4BFB-906B-96BDE65A3170}.Debug|x64.ActiveCfg = Debug|x64
		{393C074D-A4E5-4BFB-906B-96BDE65A3170}.Debug|x64.Build.0 = Debug|x64
		{393C074D-A4E5-4BFB-906B-96BDE65A3170}.Debug|x86.ActiveCfg = Debug|Win32
		{393C074D-A4E5-4BFB-906B-96BDE65A3170}.Debug|x86.Build.0 = Debug|Win32
		{393C074D-A4E5-4BFB-906B-96BDE65A3170}.Release|x64.ActiveCfg = Release|x64
		{393C074D-A4E5-4BFB-906B-96BDE65A3170}.Release|x64.Build.0 = Release|x64
		{393C074D-A4E5-4BFB-906B-96BDE65A3170}.Release|x86.ActiveCfg = Release|Win32
		{393C074D-A4E5-4BFB-906B-96BDE65A3170}.Release|x86.Build.0 = Release|Win32
	EndGlobalSection
	GlobalSection(SolutionProperties) = preSolution
		HideSolutionNode = FALSE
	EndGlobalSection
	GlobalSection(ExtensibilityGlobals) = postSolution
		SolutionGuid = {3592952D-DB7D-4D82-ACA6-1907A84CE0DB}
	EndGlobalSection
EndGlobal
